
Microsoft Visual Studio Solution File, Format Version 12.00
# Visual Studio Version 17
VisualStudioVersion = 17.13.35913.81 d17.13
MinimumVisualStudioVersion = 10.0.40219.1
Project("{FAE04EC0-301F-11D3-BF4B-00C04F79EFBC}") = "Controls.ToggleButton", "Controls.ToggleButton.csproj", "{C786F621-7B63-4C09-B3F9-6052A7E232C9}"
EndProject
Global
	GlobalSection(SolutionConfigurationPlatforms) = preSolution
		Debug|Any CPU = Debug|Any CPU
		Release|Any CPU = Release|Any CPU
	EndGlobalSection
	GlobalSection(ProjectConfigurationPlatforms) = postSolution
		{C786F621-7B63-4C09-B3F9-6052A7E232C9}.Debug|Any CPU.ActiveCfg = Debug|Any CPU
		{C786F621-7B63-4C09-B3F9-6052A7E232C9}.Debug|Any CPU.Build.0 = Debug|Any CPU
		{C786F621-7B63-4C09-B3F9-6052A7E232C9}.Release|Any CPU.ActiveCfg = Release|Any CPU
		{C786F621-7B63-4C09-B3F9-6052A7E232C9}.Release|Any CPU.Build.0 = Release|Any CPU
	EndGlobalSection
	GlobalSection(SolutionProperties) = preSolution
		HideSolutionNode = FALSE
	EndGlobalSection
	GlobalSection(ExtensibilityGlobals) = postSolution
		SolutionGuid = {E0129D4B-3DE9-414F-8348-1B541DC67337}
	EndGlobalSection
EndGlobal
